
Microsoft Visual Studio Solution File, Format Version 12.00
# Visual Studio 15
VisualStudioVersion = 15.0.27130.2010
MinimumVisualStudioVersion = 10.0.40219.1
Project("{9A19103F-16F7-4668-BE54-9A1E7A4F7556}") = "LocadoraMedral", "LocadoraMedral\LocadoraMedral.csproj", "{2FB7628D-B381-410D-95C1-4A25CEDCCE62}"
EndProject
Project("{9A19103F-16F7-4668-BE54-9A1E7A4F7556}") = "Data", "Data\Data.csproj", "{8C2C9141-A593-4838-BA6D-CD9A3B1BA430}"
EndProject
Project("{9A19103F-16F7-4668-BE54-9A1E7A4F7556}") = "Service", "Service\Service.csproj", "{09FC20DD-CC56-40A3-8180-1F81CA179C6A}"
EndProject
Project("{9A19103F-16F7-4668-BE54-9A1E7A4F7556}") = "Util", "Util\Util.csproj", "{70689D3A-E806-4568-AC7F-9A8FA4AB2B1C}"
EndProject
Project("{9A19103F-16F7-4668-BE54-9A1E7A4F7556}") = "Tests", "Tests\Tests.csproj", "{BC4A7BC8-E5DE-485B-A589-3C9CB358FAE5}"
EndProject
Project("{9A19103F-16F7-4668-BE54-9A1E7A4F7556}") = "Model", "Model\Model.csproj", "{2C00DF38-E31D-4177-95BE-FDFE77628CBB}"
EndProject
Global
	GlobalSection(SolutionConfigurationPlatforms) = preSolution
		Debug|Any CPU = Debug|Any CPU
		Release|Any CPU = Release|Any CPU
	EndGlobalSection
	GlobalSection(ProjectConfigurationPlatforms) = postSolution
		{2FB7628D-B381-410D-95C1-4A25CEDCCE62}.Debug|Any CPU.ActiveCfg = Debug|Any CPU
		{2FB7628D-B381-410D-95C1-4A25CEDCCE62}.Debug|Any CPU.Build.0 = Debug|Any CPU
		{2FB7628D-B381-410D-95C1-4A25CEDCCE62}.Release|Any CPU.ActiveCfg = Release|Any CPU
		{2FB7628D-B381-410D-95C1-4A25CEDCCE62}.Release|Any CPU.Build.0 = Release|Any CPU
		{8C2C9141-A593-4838-BA6D-CD9A3B1BA430}.Debug|Any CPU.ActiveCfg = Debug|Any CPU
		{8C2C9141-A593-4838-BA6D-CD9A3B1BA430}.Debug|Any CPU.Build.0 = Debug|Any CPU
		{8C2C9141-A593-4838-BA6D-CD9A3B1BA430}.Release|Any CPU.ActiveCfg = Release|Any CPU
		{8C2C9141-A593-4838-BA6D-CD9A3B1BA430}.Release|Any CPU.Build.0 = Release|Any CPU
		{09FC20DD-CC56-40A3-8180-1F81CA179C6A}.Debug|Any CPU.ActiveCfg = Debug|Any CPU
		{09FC20DD-CC56-40A3-8180-1F81CA179C6A}.Debug|Any CPU.Build.0 = Debug|Any CPU
		{09FC20DD-CC56-40A3-8180-1F81CA179C6A}.Release|Any CPU.ActiveCfg = Release|Any CPU
		{09FC20DD-CC56-40A3-8180-1F81CA179C6A}.Release|Any CPU.Build.0 = Release|Any CPU
		{70689D3A-E806-4568-AC7F-9A8FA4AB2B1C}.Debug|Any CPU.ActiveCfg = Debug|Any CPU
		{70689D3A-E806-4568-AC7F-9A8FA4AB2B1C}.Debug|Any CPU.Build.0 = Debug|Any CPU
		{70689D3A-E806-4568-AC7F-9A8FA4AB2B1C}.Release|Any CPU.ActiveCfg = Release|Any CPU
		{70689D3A-E806-4568-AC7F-9A8FA4AB2B1C}.Release|Any CPU.Build.0 = Release|Any CPU
		{BC4A7BC8-E5DE-485B-A589-3C9CB358FAE5}.Debug|Any CPU.ActiveCfg = Debug|Any CPU
		{BC4A7BC8-E5DE-485B-A589-3C9CB358FAE5}.Debug|Any CPU.Build.0 = Debug|Any CPU
		{BC4A7BC8-E5DE-485B-A589-3C9CB358FAE5}.Release|Any CPU.ActiveCfg = Release|Any CPU
		{BC4A7BC8-E5DE-485B-A589-3C9CB358FAE5}.Release|Any CPU.Build.0 = Release|Any CPU
		{2C00DF38-E31D-4177-95BE-FDFE77628CBB}.Debug|Any CPU.ActiveCfg = Debug|Any CPU
		{2C00DF38-E31D-4177-95BE-FDFE77628CBB}.Debug|Any CPU.Build.0 = Debug|Any CPU
		{2C00DF38-E31D-4177-95BE-FDFE77628CBB}.Release|Any CPU.ActiveCfg = Release|Any CPU
		{2C00DF38-E31D-4177-95BE-FDFE77628CBB}.Release|Any CPU.Build.0 = Release|Any CPU
	EndGlobalSection
	GlobalSection(SolutionProperties) = preSolution
		HideSolutionNode = FALSE
	EndGlobalSection
	GlobalSection(ExtensibilityGlobals) = postSolution
		SolutionGuid = {A3BDB250-0AF9-4EB4-987E-9443123505AF}
	EndGlobalSection
EndGlobal
